version = 1
requires-python = ">=3.13"

[[package]]
name = "git-install-test-distribution"
version = "0.0.2"
source = { git = "https://github.com/s-weigand/git-install-test-distribution#a7f7bf28dbe9bfceba1af8a259383e398a942ad0" }

[[package]]
name = "test"
version = "0.1.0"
source = { virtual = "." }
dependencies = [
    { name = "git-install-test-distribution" },
]

[package.metadata]
requires-dist = [{ name = "git-install-test-distribution", git = "https://github.com/s-weigand/git-install-test-distribution" }]
